
Microsoft Visual Studio Solution File, Format Version 12.00
# Visual Studio 15
VisualStudioVersion = 15.0.27428.2037
MinimumVisualStudioVersion = 10.0.40219.1
Project("{FAE04EC0-301F-11D3-BF4B-00C04F79EFBC}") = "AzureAppServiceMigrationTool", "AzureAppServiceMigrationTool.csproj", "{D7A92F7E-5BC9-44C1-A4B5-A2FE32CFC405}"
EndProject
Global
	GlobalSection(SolutionConfigurationPlatforms) = preSolution
		Debug|Any CPU = Debug|Any CPU
		Release|Any CPU = Release|Any CPU
	EndGlobalSection
	GlobalSection(ProjectConfigurationPlatforms) = postSolution
		{D7A92F7E-5BC9-44C1-A4B5-A2FE32CFC405}.Debug|Any CPU.ActiveCfg = Release|Any CPU
		{D7A92F7E-5BC9-44C1-A4B5-A2FE32CFC405}.Debug|Any CPU.Build.0 = Release|Any CPU
		{D7A92F7E-5BC9-44C1-A4B5-A2FE32CFC405}.Release|Any CPU.ActiveCfg = Release|Any CPU
		{D7A92F7E-5BC9-44C1-A4B5-A2FE32CFC405}.Release|Any CPU.Build.0 = Release|Any CPU
	EndGlobalSection
	GlobalSection(SolutionProperties) = preSolution
		HideSolutionNode = FALSE
	EndGlobalSection
	GlobalSection(ExtensibilityGlobals) = postSolution
		SolutionGuid = {29E6B187-93F4-45D7-A949-25203449ADA1}
	EndGlobalSection
EndGlobal
