
Microsoft Visual Studio Solution File, Format Version 12.00
# Visual Studio 2012
Project("{FAE04EC0-301F-11D3-BF4B-00C04F79EFBC}") = "AzureWebsitesMigrationAssistant", "AzureWebsitesMigrationAssistant.csproj", "{D7A92F7E-5BC9-44C1-A4B5-A2FE32CFC405}"
EndProject
Global
	GlobalSection(SolutionConfigurationPlatforms) = preSolution
		Debug|Any CPU = Debug|Any CPU
		Release|Any CPU = Release|Any CPU
	EndGlobalSection
	GlobalSection(ProjectConfigurationPlatforms) = postSolution
		{D7A92F7E-5BC9-44C1-A4B5-A2FE32CFC405}.Debug|Any CPU.ActiveCfg = Release|Any CPU
		{D7A92F7E-5BC9-44C1-A4B5-A2FE32CFC405}.Debug|Any CPU.Build.0 = Release|Any CPU
		{D7A92F7E-5BC9-44C1-A4B5-A2FE32CFC405}.Release|Any CPU.ActiveCfg = Release|Any CPU
		{D7A92F7E-5BC9-44C1-A4B5-A2FE32CFC405}.Release|Any CPU.Build.0 = Release|Any CPU
	EndGlobalSection
	GlobalSection(SolutionProperties) = preSolution
		HideSolutionNode = FALSE
	EndGlobalSection
EndGlobal
